// !$*UTF8*$!
{
	archiveVersion = 1;
	classes = {
	};
	objectVersion = 46;
	objects = {

/* Begin PBXBuildFile section */
		E45A18771A4F7F0200CF6A75 /* AppDelegate.swift in Sources */ = {isa = PBXBuildFile; fileRef = E45A18761A4F7F0200CF6A75 /* AppDelegate.swift */; };
		E45A18791A4F7F0200CF6A75 /* ViewController.swift in Sources */ = {isa = PBXBuildFile; fileRef = E45A18781A4F7F0200CF6A75 /* ViewController.swift */; };
		E45A187C1A4F7F0200CF6A75 /* Main.storyboard in Resources */ = {isa = PBXBuildFile; fileRef = E45A187A1A4F7F0200CF6A75 /* Main.storyboard */; };
		E45A187E1A4F7F0200CF6A75 /* Images.xcassets in Resources */ = {isa = PBXBuildFile; fileRef = E45A187D1A4F7F0200CF6A75 /* Images.xcassets */; };
		E45A18811A4F7F0200CF6A75 /* LaunchScreen.xib in Resources */ = {isa = PBXBuildFile; fileRef = E45A187F1A4F7F0200CF6A75 /* LaunchScreen.xib */; };
		E45A188D1A4F7F0200CF6A75 /* SlotMachineTests.swift in Sources */ = {isa = PBXBuildFile; fileRef = E45A188C1A4F7F0200CF6A75 /* SlotMachineTests.swift */; };
/* End PBXBuildFile section */

/* Begin PBXContainerItemProxy section */
		E45A18871A4F7F0200CF6A75 /* PBXContainerItemProxy */ = {
			isa = PBXContainerItemProxy;
			containerPortal = E45A18691A4F7F0200CF6A75 /* Project object */;
			proxyType = 1;
			remoteGlobalIDString = E45A18701A4F7F0200CF6A75;
			remoteInfo = SlotMachine;
		};
/* End PBXContainerItemProxy section */

/* Begin PBXFileReference section */
		E45A18711A4F7F0200CF6A75 /* SlotMachine.app */ = {isa = PBXFileReference; explicitFileType = wrapper.application; includeInIndex = 0; path = SlotMachine.app; sourceTree = BUILT_PRODUCTS_DIR; };
		E45A18751A4F7F0200CF6A75 /* Info.plist */ = {isa = PBXFileReference; lastKnownFileType = text.plist.xml; path = Info.plist; sourceTree = "<group>"; };
		E45A18761A4F7F0200CF6A75 /* AppDelegate.swift */ = {isa = PBXFileReference; lastKnownFileType = sourcecode.swift; path = AppDelegate.swift; sourceTree = "<group>"; };
		E45A18781A4F7F0200CF6A75 /* ViewController.swift */ = {isa = PBXFileReference; lastKnownFileType = sourcecode.swift; path = ViewController.swift; sourceTree = "<group>"; };
		E45A187B1A4F7F0200CF6A75 /* Base */ = {isa = PBXFileReference; lastKnownFileType = file.storyboard; name = Base; path = Base.lproj/Main.storyboard; sourceTree = "<group>"; };
		E45A187D1A4F7F0200CF6A75 /* Images.xcassets */ = {isa = PBXFileReference; lastKnownFileType = folder.assetcatalog; path = Images.xcassets; sourceTree = "<group>"; };
		E45A18801A4F7F0200CF6A75 /* Base */ = {isa = PBXFileReference; lastKnownFileType = file.xib; name = Base; path = Base.lproj/LaunchScreen.xib; sourceTree = "<group>"; };
		E45A18861A4F7F0200CF6A75 /* SlotMachineTests.xctest */ = {isa = PBXFileReference; explicitFileType = wrapper.cfbundle; includeInIndex = 0; path = SlotMachineTests.xctest; sourceTree = BUILT_PRODUCTS_DIR; };
		E45A188B1A4F7F0200CF6A75 /* Info.plist */ = {isa = PBXFileReference; lastKnownFileType = text.plist.xml; path = Info.plist; sourceTree = "<group>"; };
		E45A188C1A4F7F0200CF6A75 /* SlotMachineTests.swift */ = {isa = PBXFileReference; lastKnownFileType = sourcecode.swift; path = SlotMachineTests.swift; sourceTree = "<group>"; };
/* End PBXFileReference section */

/* Begin PBXFrameworksBuildPhase section */
		E45A186E1A4F7F0200CF6A75 /* Frameworks */ = {
			isa = PBXFrameworksBuildPhase;
			buildActionMask = 2147483647;
			files = (
			);
			runOnlyForDeploymentPostprocessing = 0;
		};
		E45A18831A4F7F0200CF6A75 /* Frameworks */ = {
			isa = PBXFrameworksBuildPhase;
			buildActionMask = 2147483647;
			files = (
			);
			runOnlyForDeploymentPostprocessing = 0;
		};
/* End PBXFrameworksBuildPhase section */

/* Begin PBXGroup section */
		E45A18681A4F7F0200CF6A75 = {
			isa = PBXGroup;
			children = (
				E45A18731A4F7F0200CF6A75 /* SlotMachine */,
				E45A18891A4F7F0200CF6A75 /* SlotMachineTests */,
				E45A18721A4F7F0200CF6A75 /* Products */,
			);
			sourceTree = "<group>";
		};
		E45A18721A4F7F0200CF6A75 /* Products */ = {
			isa = PBXGroup;
			children = (
				E45A18711A4F7F0200CF6A75 /* SlotMachine.app */,
				E45A18861A4F7F0200CF6A75 /* SlotMachineTests.xctest */,
			);
			name = Products;
			sourceTree = "<group>";
		};
		E45A18731A4F7F0200CF6A75 /* SlotMachine */ = {
			isa = PBXGroup;
			children = (
				E45A18761A4F7F0200CF6A75 /* AppDelegate.swift */,
				E45A18781A4F7F0200CF6A75 /* ViewController.swift */,
				E45A187A1A4F7F0200CF6A75 /* Main.storyboard */,
				E45A187D1A4F7F0200CF6A75 /* Images.xcassets */,
				E45A187F1A4F7F0200CF6A75 /* LaunchScreen.xib */,
				E45A18741A4F7F0200CF6A75 /* Supporting Files */,
			);
			path = SlotMachine;
			sourceTree = "<group>";
		};
		E45A18741A4F7F0200CF6A75 /* Supporting Files */ = {
			isa = PBXGroup;
			children = (
				E45A18751A4F7F0200CF6A75 /* Info.plist */,
			);
			name = "Supporting Files";
			sourceTree = "<group>";
		};
		E45A18891A4F7F0200CF6A75 /* SlotMachineTests */ = {
			isa = PBXGroup;
			children = (
				E45A188C1A4F7F0200CF6A75 /* SlotMachineTests.swift */,
				E45A188A1A4F7F0200CF6A75 /* Supporting Files */,
			);
			path = SlotMachineTests;
			sourceTree = "<group>";
		};
		E45A188A1A4F7F0200CF6A75 /* Supporting Files */ = {
			isa = PBXGroup;
			children = (
				E45A188B1A4F7F0200CF6A75 /* Info.plist */,
			);
			name = "Supporting Files";
			sourceTree = "<group>";
		};
/* End PBXGroup section */

/* Begin PBXNativeTarget section */
		E45A18701A4F7F0200CF6A75 /* SlotMachine */ = {
			isa = PBXNativeTarget;
			buildConfigurationList = E45A18901A4F7F0200CF6A75 /* Build configuration list for PBXNativeTarget "SlotMachine" */;
			buildPhases = (
				E45A186D1A4F7F0200CF6A75 /* Sources */,
				E45A186E1A4F7F0200CF6A75 /* Frameworks */,
				E45A186F1A4F7F0200CF6A75 /* Resources */,
			);
			buildRules = (
			);
			dependencies = (
			);
			name = SlotMachine;
			productName = SlotMachine;
			productReference = E45A18711A4F7F0200CF6A75 /* SlotMachine.app */;
			productType = "com.apple.product-type.application";
		};
		E45A18851A4F7F0200CF6A75 /* SlotMachineTests */ = {
			isa = PBXNativeTarget;
			buildConfigurationList = E45A18931A4F7F0200CF6A75 /* Build configuration list for PBXNativeTarget "SlotMachineTests" */;
			buildPhases = (
				E45A18821A4F7F0200CF6A75 /* Sources */,
				E45A18831A4F7F0200CF6A75 /* Frameworks */,
				E45A18841A4F7F0200CF6A75 /* Resources */,
			);
			buildRules = (
			);
			dependencies = (
				E45A18881A4F7F0200CF6A75 /* PBXTargetDependency */,
			);
			name = SlotMachineTests;
			productName = SlotMachineTests;
			productReference = E45A18861A4F7F0200CF6A75 /* SlotMachineTests.xctest */;
			productType = "com.apple.product-type.bundle.unit-test";
		};
/* End PBXNativeTarget section */

/* Begin PBXProject section */
		E45A18691A4F7F0200CF6A75 /* Project object */ = {
			isa = PBXProject;
			attributes = {
				LastUpgradeCheck = 0610;
				ORGANIZATIONNAME = vnu;
				TargetAttributes = {
					E45A18701A4F7F0200CF6A75 = {
						CreatedOnToolsVersion = 6.1.1;
					};
					E45A18851A4F7F0200CF6A75 = {
						CreatedOnToolsVersion = 6.1.1;
						TestTargetID = E45A18701A4F7F0200CF6A75;
					};
				};
			};
			buildConfigurationList = E45A186C1A4F7F0200CF6A75 /* Build configuration list for PBXProject "SlotMachine" */;
			compatibilityVersion = "Xcode 3.2";
			developmentRegion = English;
			hasScannedForEncodings = 0;
			knownRegions = (
				en,
				Base,
			);
			mainGroup = E45A18681A4F7F0200CF6A75;
			productRefGroup = E45A18721A4F7F0200CF6A75 /* Products */;
			projectDirPath = "";
			projectRoot = "";
			targets = (
				E45A18701A4F7F0200CF6A75 /* SlotMachine */,
				E45A18851A4F7F0200CF6A75 /* SlotMachineTests */,
			);
		};
/* End PBXProject section */

/* Begin PBXResourcesBuildPhase section */
		E45A186F1A4F7F0200CF6A75 /* Resources */ = {
			isa = PBXResourcesBuildPhase;
			buildActionMask = 2147483647;
			files = (
				E45A187C1A4F7F0200CF6A75 /* Main.storyboard in Resources */,
				E45A18811A4F7F0200CF6A75 /* LaunchScreen.xib in Resources */,
				E45A187E1A4F7F0200CF6A75 /* Images.xcassets in Resources */,
			);
			runOnlyForDeploymentPostprocessing = 0;
		};
		E45A18841A4F7F0200CF6A75 /* Resources */ = {
			isa = PBXResourcesBuildPhase;
			buildActionMask = 2147483647;
			files = (
			);
			runOnlyForDeploymentPostprocessing = 0;
		};
/* End PBXResourcesBuildPhase section */

/* Begin PBXSourcesBuildPhase section */
		E45A186D1A4F7F0200CF6A75 /* Sources */ = {
			isa = PBXSourcesBuildPhase;
			buildActionMask = 2147483647;
			files = (
				E45A18791A4F7F0200CF6A75 /* ViewController.swift in Sources */,
				E45A18771A4F7F0200CF6A75 /* AppDelegate.swift in Sources */,
			);
			runOnlyForDeploymentPostprocessing = 0;
		};
		E45A18821A4F7F0200CF6A75 /* Sources */ = {
			isa = PBXSourcesBuildPhase;
			buildActionMask = 2147483647;
			files = (
				E45A188D1A4F7F0200CF6A75 /* SlotMachineTests.swift in Sources */,
			);
			runOnlyForDeploymentPostprocessing = 0;
		};
/* End PBXSourcesBuildPhase section */

/* Begin PBXTargetDependency section */
		E45A18881A4F7F0200CF6A75 /* PBXTargetDependency */ = {
			isa = PBXTargetDependency;
			target = E45A18701A4F7F0200CF6A75 /* SlotMachine */;
			targetProxy = E45A18871A4F7F0200CF6A75 /* PBXContainerItemProxy */;
		};
/* End PBXTargetDependency section */

/* Begin PBXVariantGroup section */
		E45A187A1A4F7F0200CF6A75 /* Main.storyboard */ = {
			isa = PBXVariantGroup;
			children = (
				E45A187B1A4F7F0200CF6A75 /* Base */,
			);
			name = Main.storyboard;
			sourceTree = "<group>";
		};
		E45A187F1A4F7F0200CF6A75 /* LaunchScreen.xib */ = {
			isa = PBXVariantGroup;
			children = (
				E45A18801A4F7F0200CF6A75 /* Base */,
			);
			name = LaunchScreen.xib;
			sourceTree = "<group>";
		};
/* End PBXVariantGroup section */

/* Begin XCBuildConfiguration section */
		E45A188E1A4F7F0200CF6A75 /* Debug */ = {
			isa = XCBuildConfiguration;
			buildSettings = {
				ALWAYS_SEARCH_USER_PATHS = NO;
				CLANG_CXX_LANGUAGE_STANDARD = "gnu++0x";
				CLANG_CXX_LIBRARY = "libc++";
				CLANG_ENABLE_MODULES = YES;
				CLANG_ENABLE_OBJC_ARC = YES;
				CLANG_WARN_BOOL_CONVERSION = YES;
				CLANG_WARN_CONSTANT_CONVERSION = YES;
				CLANG_WARN_DIRECT_OBJC_ISA_USAGE = YES_ERROR;
				CLANG_WARN_EMPTY_BODY = YES;
				CLANG_WARN_ENUM_CONVERSION = YES;
				CLANG_WARN_INT_CONVERSION = YES;
				CLANG_WARN_OBJC_ROOT_CLASS = YES_ERROR;
				CLANG_WARN_UNREACHABLE_CODE = YES;
				CLANG_WARN__DUPLICATE_METHOD_MATCH = YES;
				"CODE_SIGN_IDENTITY[sdk=iphoneos*]" = "iPhone Developer";
				COPY_PHASE_STRIP = NO;
				ENABLE_STRICT_OBJC_MSGSEND = YES;
				GCC_C_LANGUAGE_STANDARD = gnu99;
				GCC_DYNAMIC_NO_PIC = NO;
				GCC_OPTIMIZATION_LEVEL = 0;
				GCC_PREPROCESSOR_DEFINITIONS = (
					"DEBUG=1",
					"$(inherited)",
				);
				GCC_SYMBOLS_PRIVATE_EXTERN = NO;
				GCC_WARN_64_TO_32_BIT_CONVERSION = YES;
				GCC_WARN_ABOUT_RETURN_TYPE = YES_ERROR;
				GCC_WARN_UNDECLARED_SELECTOR = YES;
				GCC_WARN_UNINITIALIZED_AUTOS = YES_AGGRESSIVE;
				GCC_WARN_UNUSED_FUNCTION = YES;
				GCC_WARN_UNUSED_VARIABLE = YES;
				IPHONEOS_DEPLOYMENT_TARGET = 8.1;
				MTL_ENABLE_DEBUG_INFO = YES;
				ONLY_ACTIVE_ARCH = YES;
				SDKROOT = iphoneos;
				SWIFT_OPTIMIZATION_LEVEL = "-Onone";
				TARGETED_DEVICE_FAMILY = "1,2";
			};
			name = Debug;
		};
		E45A188F1A4F7F0200CF6A75 /* Release */ = {
			isa = XCBuildConfiguration;
			buildSettings = {
				ALWAYS_SEARCH_USER_PATHS = NO;
				CLANG_CXX_LANGUAGE_STANDARD = "gnu++0x";
				CLANG_CXX_LIBRARY = "libc++";
				CLANG_ENABLE_MODULES = YES;
				CLANG_ENABLE_OBJC_ARC = YES;
				CLANG_WARN_BOOL_CONVERSION = YES;
				CLANG_WARN_CONSTANT_CONVERSION = YES;
				CLANG_WARN_DIRECT_OBJC_ISA_USAGE = YES_ERROR;
				CLANG_WARN_EMPTY_BODY = YES;
				CLANG_WARN_ENUM_CONVERSION = YES;
				CLANG_WARN_INT_CONVERSION = YES;
				CLANG_WARN_OBJC_ROOT_CLASS = YES_ERROR;
				CLANG_WARN_UNREACHABLE_CODE = YES;
				CLANG_WARN__DUPLICATE_METHOD_MATCH = YES;
				"CODE_SIGN_IDENTITY[sdk=iphoneos*]" = "iPhone Developer";
				COPY_PHASE_STRIP = YES;
				ENABLE_NS_ASSERTIONS = NO;
				ENABLE_STRICT_OBJC_MSGSEND = YES;
				GCC_C_LANGUAGE_STANDARD = gnu99;
				GCC_WARN_64_TO_32_BIT_CONVERSION = YES;
				GCC_WARN_ABOUT_RETURN_TYPE = YES_ERROR;
				GCC_WARN_UNDECLARED_SELECTOR = YES;
				GCC_WARN_UNINITIALIZED_AUTOS = YES_AGGRESSIVE;
				GCC_WARN_UNUSED_FUNCTION = YES;
				GCC_WARN_UNUSED_VARIABLE = YES;
				IPHONEOS_DEPLOYMENT_TARGET = 8.1;
				MTL_ENABLE_DEBUG_INFO = NO;
				SDKROOT = iphoneos;
				TARGETED_DEVICE_FAMILY = "1,2";
				VALIDATE_PRODUCT = YES;
			};
			name = Release;
		};
		E45A18911A4F7F0200CF6A75 /* Debug */ = {
			isa = XCBuildConfiguration;
			buildSettings = {
				ASSETCATALOG_COMPILER_APPICON_NAME = AppIcon;
				INFOPLIST_FILE = SlotMachine/Info.plist;
				LD_RUNPATH_SEARCH_PATHS = "$(inherited) @executable_path/Frameworks";
				PRODUCT_NAME = "$(TARGET_NAME)";
			};
			name = Debug;
		};
		E45A18921A4F7F0200CF6A75 /* Release */ = {
			isa = XCBuildConfiguration;
			buildSettings = {
				ASSETCATALOG_COMPILER_APPICON_NAME = AppIcon;
				INFOPLIST_FILE = SlotMachine/Info.plist;
				LD_RUNPATH_SEARCH_PATHS = "$(inherited) @executable_path/Frameworks";
				PRODUCT_NAME = "$(TARGET_NAME)";
			};
			name = Release;
		};
		E45A18941A4F7F0200CF6A75 /* Debug */ = {
			isa = XCBuildConfiguration;
			buildSettings = {
				BUNDLE_LOADER = "$(TEST_HOST)";
				FRAMEWORK_SEARCH_PATHS = (
					"$(SDKROOT)/Developer/Library/Frameworks",
					"$(inherited)",
				);
				GCC_PREPROCESSOR_DEFINITIONS = (
					"DEBUG=1",
					"$(inherited)",
				);
				INFOPLIST_FILE = SlotMachineTests/Info.plist;
				LD_RUNPATH_SEARCH_PATHS = "$(inherited) @executable_path/Frameworks @loader_path/Frameworks";
				PRODUCT_NAME = "$(TARGET_NAME)";
				TEST_HOST = "$(BUILT_PRODUCTS_DIR)/SlotMachine.app/SlotMachine";
			};
			name = Debug;
		};
		E45A18951A4F7F0200CF6A75 /* Release */ = {
			isa = XCBuildConfiguration;
			buildSettings = {
				BUNDLE_LOADER = "$(TEST_HOST)";
				FRAMEWORK_SEARCH_PATHS = (
					"$(SDKROOT)/Developer/Library/Frameworks",
					"$(inherited)",
				);
				INFOPLIST_FILE = SlotMachineTests/Info.plist;
				LD_RUNPATH_SEARCH_PATHS = "$(inherited) @executable_path/Frameworks @loader_path/Frameworks";
				PRODUCT_NAME = "$(TARGET_NAME)";
				TEST_HOST = "$(BUILT_PRODUCTS_DIR)/SlotMachine.app/SlotMachine";
			};
			name = Release;
		};
/* End XCBuildConfiguration section */

/* Begin XCConfigurationList section */
		E45A186C1A4F7F0200CF6A75 /* Build configuration list for PBXProject "SlotMachine" */ = {
			isa = XCConfigurationList;
			buildConfigurations = (
				E45A188E1A4F7F0200CF6A75 /* Debug */,
				E45A188F1A4F7F0200CF6A75 /* Release */,
			);
			defaultConfigurationIsVisible = 0;
			defaultConfigurationName = Release;
		};
		E45A18901A4F7F0200CF6A75 /* Build configuration list for PBXNativeTarget "SlotMachine" */ = {
			isa = XCConfigurationList;
			buildConfigurations = (
				E45A18911A4F7F0200CF6A75 /* Debug */,
				E45A18921A4F7F0200CF6A75 /* Release */,
			);
			defaultConfigurationIsVisible = 0;
		};
		E45A18931A4F7F0200CF6A75 /* Build configuration list for PBXNativeTarget "SlotMachineTests" */ = {
			isa = XCConfigurationList;
			buildConfigurations = (
				E45A18941A4F7F0200CF6A75 /* Debug */,
				E45A18951A4F7F0200CF6A75 /* Release */,
			);
			defaultConfigurationIsVisible = 0;
		};
/* End XCConfigurationList section */
	};
	rootObject = E45A18691A4F7F0200CF6A75 /* Project object */;
}
